// !$*UTF8*$!
{
	archiveVersion = 1;
	classes = {
	};
	objectVersion = 50;
	objects = {

/* Begin PBXBuildFile section */
		E95D0C82264C02D10044D26C /* AppDelegate.swift in Sources */ = {isa = PBXBuildFile; fileRef = E95D0C81264C02D10044D26C /* AppDelegate.swift */; };
		E95D0C84264C02D10044D26C /* SceneDelegate.swift in Sources */ = {isa = PBXBuildFile; fileRef = E95D0C83264C02D10044D26C /* SceneDelegate.swift */; };
		E95D0C86264C02D10044D26C /* ViewController.swift in Sources */ = {isa = PBXBuildFile; fileRef = E95D0C85264C02D10044D26C /* ViewController.swift */; };
		E95D0C89264C02D10044D26C /* Main.storyboard in Resources */ = {isa = PBXBuildFile; fileRef = E95D0C87264C02D10044D26C /* Main.storyboard */; };
		E95D0C8B264C02D40044D26C /* Assets.xcassets in Resources */ = {isa = PBXBuildFile; fileRef = E95D0C8A264C02D40044D26C /* Assets.xcassets */; };
		E95D0C8E264C02D40044D26C /* LaunchScreen.storyboard in Resources */ = {isa = PBXBuildFile; fileRef = E95D0C8C264C02D40044D26C /* LaunchScreen.storyboard */; };
		E95D0CAC264C04000044D26C /* lobby.png in Resources */ = {isa = PBXBuildFile; fileRef = E95D0C97264C04000044D26C /* lobby.png */; };
		E95D0CAD264C04000044D26C /* battlebg.png in Resources */ = {isa = PBXBuildFile; fileRef = E95D0C98264C04000044D26C /* battlebg.png */; };
		E95D0CAE264C04000044D26C /* bgimage.jpg in Resources */ = {isa = PBXBuildFile; fileRef = E95D0C99264C04000044D26C /* bgimage.jpg */; };
		E95D0CAF264C04000044D26C /* waku.png in Resources */ = {isa = PBXBuildFile; fileRef = E95D0C9A264C04000044D26C /* waku.png */; };
		E95D0CB0264C04000044D26C /* gold_button.png in Resources */ = {isa = PBXBuildFile; fileRef = E95D0C9B264C04000044D26C /* gold_button.png */; };
		E95D0CB1264C04000044D26C /* yusya.png in Resources */ = {isa = PBXBuildFile; fileRef = E95D0C9C264C04000044D26C /* yusya.png */; };
		E95D0CB2264C04000044D26C /* monster.png in Resources */ = {isa = PBXBuildFile; fileRef = E95D0C9D264C04000044D26C /* monster.png */; };
		E95D0CB3264C04000044D26C /* Enemy.swift in Sources */ = {isa = PBXBuildFile; fileRef = E95D0C9F264C04000044D26C /* Enemy.swift */; };
		E95D0CB4264C04000044D26C /* TechDraUtil.swift in Sources */ = {isa = PBXBuildFile; fileRef = E95D0CA0264C04000044D26C /* TechDraUtil.swift */; };
		E95D0CB5264C04000044D26C /* Player.swift in Sources */ = {isa = PBXBuildFile; fileRef = E95D0CA1264C04000044D26C /* Player.swift */; };
		E95D0CB6264C04000044D26C /* SE_fanfare.mp3 in Resources */ = {isa = PBXBuildFile; fileRef = E95D0CA3264C04000044D26C /* SE_fanfare.mp3 */; };
		E95D0CB7264C04000044D26C /* BGM_battle001.mp3 in Resources */ = {isa = PBXBuildFile; fileRef = E95D0CA4264C04000044D26C /* BGM_battle001.mp3 */; };
		E95D0CB8264C04000044D26C /* SE_fire.mp3 in Resources */ = {isa = PBXBuildFile; fileRef = E95D0CA5264C04000044D26C /* SE_fire.mp3 */; };
		E95D0CB9264C04000044D26C /* SE_attack.mp3 in Resources */ = {isa = PBXBuildFile; fileRef = E95D0CA6264C04000044D26C /* SE_attack.mp3 */; };
		E95D0CBA264C04000044D26C /* SE_gameover.mp3 in Resources */ = {isa = PBXBuildFile; fileRef = E95D0CA7264C04000044D26C /* SE_gameover.mp3 */; };
		E95D0CBB264C04000044D26C /* SE_charge.mp3 in Resources */ = {isa = PBXBuildFile; fileRef = E95D0CA8264C04000044D26C /* SE_charge.mp3 */; };
		E95D0CBC264C04000044D26C /* lobby.mp3 in Resources */ = {isa = PBXBuildFile; fileRef = E95D0CA9264C04000044D26C /* lobby.mp3 */; };
		E95D0CBD264C04000044D26C /* misaki_gothic.ttf in Resources */ = {isa = PBXBuildFile; fileRef = E95D0CAB264C04000044D26C /* misaki_gothic.ttf */; };
		E95D0CBF264C0A700044D26C /* LobbyViewController.swift in Sources */ = {isa = PBXBuildFile; fileRef = E95D0CBE264C0A700044D26C /* LobbyViewController.swift */; };
		E95D0CC1264C0AC00044D26C /* BattleViewController.swift in Sources */ = {isa = PBXBuildFile; fileRef = E95D0CC0264C0AC00044D26C /* BattleViewController.swift */; };
/* End PBXBuildFile section */

/* Begin PBXFileReference section */
		E95D0C7E264C02D10044D26C /* TechMonster.app */ = {isa = PBXFileReference; explicitFileType = wrapper.application; includeInIndex = 0; path = TechMonster.app; sourceTree = BUILT_PRODUCTS_DIR; };
		E95D0C81264C02D10044D26C /* AppDelegate.swift */ = {isa = PBXFileReference; lastKnownFileType = sourcecode.swift; path = AppDelegate.swift; sourceTree = "<group>"; };
		E95D0C83264C02D10044D26C /* SceneDelegate.swift */ = {isa = PBXFileReference; lastKnownFileType = sourcecode.swift; path = SceneDelegate.swift; sourceTree = "<group>"; };
		E95D0C85264C02D10044D26C /* ViewController.swift */ = {isa = PBXFileReference; lastKnownFileType = sourcecode.swift; path = ViewController.swift; sourceTree = "<group>"; };
		E95D0C88264C02D10044D26C /* Base */ = {isa = PBXFileReference; lastKnownFileType = file.storyboard; name = Base; path = Base.lproj/Main.storyboard; sourceTree = "<group>"; };
		E95D0C8A264C02D40044D26C /* Assets.xcassets */ = {isa = PBXFileReference; lastKnownFileType = folder.assetcatalog; path = Assets.xcassets; sourceTree = "<group>"; };
		E95D0C8D264C02D40044D26C /* Base */ = {isa = PBXFileReference; lastKnownFileType = file.storyboard; name = Base; path = Base.lproj/LaunchScreen.storyboard; sourceTree = "<group>"; };
		E95D0C8F264C02D50044D26C /* Info.plist */ = {isa = PBXFileReference; lastKnownFileType = text.plist.xml; path = Info.plist; sourceTree = "<group>"; };
		E95D0C97264C04000044D26C /* lobby.png */ = {isa = PBXFileReference; lastKnownFileType = image.png; path = lobby.png; sourceTree = "<group>"; };
		E95D0C98264C04000044D26C /* battlebg.png */ = {isa = PBXFileReference; lastKnownFileType = image.png; path = battlebg.png; sourceTree = "<group>"; };
		E95D0C99264C04000044D26C /* bgimage.jpg */ = {isa = PBXFileReference; lastKnownFileType = image.jpeg; path = bgimage.jpg; sourceTree = "<group>"; };
		E95D0C9A264C04000044D26C /* waku.png */ = {isa = PBXFileReference; lastKnownFileType = image.png; path = waku.png; sourceTree = "<group>"; };
		E95D0C9B264C04000044D26C /* gold_button.png */ = {isa = PBXFileReference; lastKnownFileType = image.png; path = gold_button.png; sourceTree = "<group>"; };
		E95D0C9C264C04000044D26C /* yusya.png */ = {isa = PBXFileReference; lastKnownFileType = image.png; path = yusya.png; sourceTree = "<group>"; };
		E95D0C9D264C04000044D26C /* monster.png */ = {isa = PBXFileReference; lastKnownFileType = image.png; path = monster.png; sourceTree = "<group>"; };
		E95D0C9F264C04000044D26C /* Enemy.swift */ = {isa = PBXFileReference; fileEncoding = 4; lastKnownFileType = sourcecode.swift; path = Enemy.swift; sourceTree = "<group>"; };
		E95D0CA0264C04000044D26C /* TechDraUtil.swift */ = {isa = PBXFileReference; fileEncoding = 4; lastKnownFileType = sourcecode.swift; path = TechDraUtil.swift; sourceTree = "<group>"; };
		E95D0CA1264C04000044D26C /* Player.swift */ = {isa = PBXFileReference; fileEncoding = 4; lastKnownFileType = sourcecode.swift; path = Player.swift; sourceTree = "<group>"; };
		E95D0CA3264C04000044D26C /* SE_fanfare.mp3 */ = {isa = PBXFileReference; lastKnownFileType = audio.mp3; path = SE_fanfare.mp3; sourceTree = "<group>"; };
		E95D0CA4264C04000044D26C /* BGM_battle001.mp3 */ = {isa = PBXFileReference; lastKnownFileType = audio.mp3; path = BGM_battle001.mp3; sourceTree = "<group>"; };
		E95D0CA5264C04000044D26C /* SE_fire.mp3 */ = {isa = PBXFileReference; lastKnownFileType = audio.mp3; path = SE_fire.mp3; sourceTree = "<group>"; };
		E95D0CA6264C04000044D26C /* SE_attack.mp3 */ = {isa = PBXFileReference; lastKnownFileType = audio.mp3; path = SE_attack.mp3; sourceTree = "<group>"; };
		E95D0CA7264C04000044D26C /* SE_gameover.mp3 */ = {isa = PBXFileReference; lastKnownFileType = audio.mp3; path = SE_gameover.mp3; sourceTree = "<group>"; };
		E95D0CA8264C04000044D26C /* SE_charge.mp3 */ = {isa = PBXFileReference; lastKnownFileType = audio.mp3; path = SE_charge.mp3; sourceTree = "<group>"; };
		E95D0CA9264C04000044D26C /* lobby.mp3 */ = {isa = PBXFileReference; lastKnownFileType = audio.mp3; path = lobby.mp3; sourceTree = "<group>"; };
		E95D0CAB264C04000044D26C /* misaki_gothic.ttf */ = {isa = PBXFileReference; lastKnownFileType = file; path = misaki_gothic.ttf; sourceTree = "<group>"; };
		E95D0CBE264C0A700044D26C /* LobbyViewController.swift */ = {isa = PBXFileReference; lastKnownFileType = sourcecode.swift; path = LobbyViewController.swift; sourceTree = "<group>"; };
		E95D0CC0264C0AC00044D26C /* BattleViewController.swift */ = {isa = PBXFileReference; lastKnownFileType = sourcecode.swift; path = BattleViewController.swift; sourceTree = "<group>"; };
/* End PBXFileReference section */

/* Begin PBXFrameworksBuildPhase section */
		E95D0C7B264C02D10044D26C /* Frameworks */ = {
			isa = PBXFrameworksBuildPhase;
			buildActionMask = 2147483647;
			files = (
			);
			runOnlyForDeploymentPostprocessing = 0;
		};
/* End PBXFrameworksBuildPhase section */

/* Begin PBXGroup section */
		E95D0C75264C02D10044D26C = {
			isa = PBXGroup;
			children = (
				E95D0C95264C04000044D26C /* TechMon_Resources */,
				E95D0C80264C02D10044D26C /* TechMonster */,
				E95D0C7F264C02D10044D26C /* Products */,
			);
			sourceTree = "<group>";
		};
		E95D0C7F264C02D10044D26C /* Products */ = {
			isa = PBXGroup;
			children = (
				E95D0C7E264C02D10044D26C /* TechMonster.app */,
			);
			name = Products;
			sourceTree = "<group>";
		};
		E95D0C80264C02D10044D26C /* TechMonster */ = {
			isa = PBXGroup;
			children = (
				E95D0C81264C02D10044D26C /* AppDelegate.swift */,
				E95D0C83264C02D10044D26C /* SceneDelegate.swift */,
				E95D0C85264C02D10044D26C /* ViewController.swift */,
				E95D0CBE264C0A700044D26C /* LobbyViewController.swift */,
				E95D0CC0264C0AC00044D26C /* BattleViewController.swift */,
				E95D0C87264C02D10044D26C /* Main.storyboard */,
				E95D0C8A264C02D40044D26C /* Assets.xcassets */,
				E95D0C8C264C02D40044D26C /* LaunchScreen.storyboard */,
				E95D0C8F264C02D50044D26C /* Info.plist */,
			);
			path = TechMonster;
			sourceTree = "<group>";
		};
		E95D0C95264C04000044D26C /* TechMon_Resources */ = {
			isa = PBXGroup;
			children = (
				E95D0C96264C04000044D26C /* Images */,
				E95D0C9E264C04000044D26C /* Models */,
				E95D0CA2264C04000044D26C /* Sounds */,
				E95D0CAA264C04000044D26C /* Fonts */,
			);
			path = TechMon_Resources;
			sourceTree = "<group>";
		};
		E95D0C96264C04000044D26C /* Images */ = {
			isa = PBXGroup;
			children = (
				E95D0C97264C04000044D26C /* lobby.png */,
				E95D0C98264C04000044D26C /* battlebg.png */,
				E95D0C99264C04000044D26C /* bgimage.jpg */,
				E95D0C9A264C04000044D26C /* waku.png */,
				E95D0C9B264C04000044D26C /* gold_button.png */,
				E95D0C9C264C04000044D26C /* yusya.png */,
				E95D0C9D264C04000044D26C /* monster.png */,
			);
			path = Images;
			sourceTree = "<group>";
		};
		E95D0C9E264C04000044D26C /* Models */ = {
			isa = PBXGroup;
			children = (
				E95D0C9F264C04000044D26C /* Enemy.swift */,
				E95D0CA0264C04000044D26C /* TechDraUtil.swift */,
				E95D0CA1264C04000044D26C /* Player.swift */,
			);
			path = Models;
			sourceTree = "<group>";
		};
		E95D0CA2264C04000044D26C /* Sounds */ = {
			isa = PBXGroup;
			children = (
				E95D0CA3264C04000044D26C /* SE_fanfare.mp3 */,
				E95D0CA4264C04000044D26C /* BGM_battle001.mp3 */,
				E95D0CA5264C04000044D26C /* SE_fire.mp3 */,
				E95D0CA6264C04000044D26C /* SE_attack.mp3 */,
				E95D0CA7264C04000044D26C /* SE_gameover.mp3 */,
				E95D0CA8264C04000044D26C /* SE_charge.mp3 */,
				E95D0CA9264C04000044D26C /* lobby.mp3 */,
			);
			path = Sounds;
			sourceTree = "<group>";
		};
		E95D0CAA264C04000044D26C /* Fonts */ = {
			isa = PBXGroup;
			children = (
				E95D0CAB264C04000044D26C /* misaki_gothic.ttf */,
			);
			path = Fonts;
			sourceTree = "<group>";
		};
/* End PBXGroup section */

/* Begin PBXNativeTarget section */
		E95D0C7D264C02D10044D26C /* TechMonster */ = {
			isa = PBXNativeTarget;
			buildConfigurationList = E95D0C92264C02D50044D26C /* Build configuration list for PBXNativeTarget "TechMonster" */;
			buildPhases = (
				E95D0C7A264C02D10044D26C /* Sources */,
				E95D0C7B264C02D10044D26C /* Frameworks */,
				E95D0C7C264C02D10044D26C /* Resources */,
			);
			buildRules = (
			);
			dependencies = (
			);
			name = TechMonster;
			productName = TechMonster;
			productReference = E95D0C7E264C02D10044D26C /* TechMonster.app */;
			productType = "com.apple.product-type.application";
		};
/* End PBXNativeTarget section */

/* Begin PBXProject section */
		E95D0C76264C02D10044D26C /* Project object */ = {
			isa = PBXProject;
			attributes = {
				LastSwiftUpdateCheck = 1250;
				LastUpgradeCheck = 1250;
				TargetAttributes = {
					E95D0C7D264C02D10044D26C = {
						CreatedOnToolsVersion = 12.5;
					};
				};
			};
			buildConfigurationList = E95D0C79264C02D10044D26C /* Build configuration list for PBXProject "TechMonster" */;
			compatibilityVersion = "Xcode 9.3";
			developmentRegion = en;
			hasScannedForEncodings = 0;
			knownRegions = (
				en,
				Base,
			);
			mainGroup = E95D0C75264C02D10044D26C;
			productRefGroup = E95D0C7F264C02D10044D26C /* Products */;
			projectDirPath = "";
			projectRoot = "";
			targets = (
				E95D0C7D264C02D10044D26C /* TechMonster */,
			);
		};
/* End PBXProject section */

/* Begin PBXResourcesBuildPhase section */
		E95D0C7C264C02D10044D26C /* Resources */ = {
			isa = PBXResourcesBuildPhase;
			buildActionMask = 2147483647;
			files = (
				E95D0CB1264C04000044D26C /* yusya.png in Resources */,
				E95D0CAE264C04000044D26C /* bgimage.jpg in Resources */,
				E95D0CAF264C04000044D26C /* waku.png in Resources */,
				E95D0CB6264C04000044D26C /* SE_fanfare.mp3 in Resources */,
				E95D0CAC264C04000044D26C /* lobby.png in Resources */,
				E95D0CB0264C04000044D26C /* gold_button.png in Resources */,
				E95D0CB9264C04000044D26C /* SE_attack.mp3 in Resources */,
				E95D0C8E264C02D40044D26C /* LaunchScreen.storyboard in Resources */,
				E95D0CBC264C04000044D26C /* lobby.mp3 in Resources */,
				E95D0C8B264C02D40044D26C /* Assets.xcassets in Resources */,
				E95D0CBD264C04000044D26C /* misaki_gothic.ttf in Resources */,
				E95D0CBA264C04000044D26C /* SE_gameover.mp3 in Resources */,
				E95D0CAD264C04000044D26C /* battlebg.png in Resources */,
				E95D0CB7264C04000044D26C /* BGM_battle001.mp3 in Resources */,
				E95D0CBB264C04000044D26C /* SE_charge.mp3 in Resources */,
				E95D0CB8264C04000044D26C /* SE_fire.mp3 in Resources */,
				E95D0CB2264C04000044D26C /* monster.png in Resources */,
				E95D0C89264C02D10044D26C /* Main.storyboard in Resources */,
			);
			runOnlyForDeploymentPostprocessing = 0;
		};
/* End PBXResourcesBuildPhase section */

/* Begin PBXSourcesBuildPhase section */
		E95D0C7A264C02D10044D26C /* Sources */ = {
			isa = PBXSourcesBuildPhase;
			buildActionMask = 2147483647;
			files = (
				E95D0CC1264C0AC00044D26C /* BattleViewController.swift in Sources */,
				E95D0CB3264C04000044D26C /* Enemy.swift in Sources */,
				E95D0C86264C02D10044D26C /* ViewController.swift in Sources */,
				E95D0C82264C02D10044D26C /* AppDelegate.swift in Sources */,
				E95D0C84264C02D10044D26C /* SceneDelegate.swift in Sources */,
				E95D0CBF264C0A700044D26C /* LobbyViewController.swift in Sources */,
				E95D0CB5264C04000044D26C /* Player.swift in Sources */,
				E95D0CB4264C04000044D26C /* TechDraUtil.swift in Sources */,
			);
			runOnlyForDeploymentPostprocessing = 0;
		};
/* End PBXSourcesBuildPhase section */

/* Begin PBXVariantGroup section */
		E95D0C87264C02D10044D26C /* Main.storyboard */ = {
			isa = PBXVariantGroup;
			children = (
				E95D0C88264C02D10044D26C /* Base */,
			);
			name = Main.storyboard;
			sourceTree = "<group>";
		};
		E95D0C8C264C02D40044D26C /* LaunchScreen.storyboard */ = {
			isa = PBXVariantGroup;
			children = (
				E95D0C8D264C02D40044D26C /* Base */,
			);
			name = LaunchScreen.storyboard;
			sourceTree = "<group>";
		};
/* End PBXVariantGroup section */

/* Begin XCBuildConfiguration section */
		E95D0C90264C02D50044D26C /* Debug */ = {
			isa = XCBuildConfiguration;
			buildSettings = {
				ALWAYS_SEARCH_USER_PATHS = NO;
				CLANG_ANALYZER_NONNULL = YES;
				CLANG_ANALYZER_NUMBER_OBJECT_CONVERSION = YES_AGGRESSIVE;
				CLANG_CXX_LANGUAGE_STANDARD = "gnu++14";
				CLANG_CXX_LIBRARY = "libc++";
				CLANG_ENABLE_MODULES = YES;
				CLANG_ENABLE_OBJC_ARC = YES;
				CLANG_ENABLE_OBJC_WEAK = YES;
				CLANG_WARN_BLOCK_CAPTURE_AUTORELEASING = YES;
				CLANG_WARN_BOOL_CONVERSION = YES;
				CLANG_WARN_COMMA = YES;
				CLANG_WARN_CONSTANT_CONVERSION = YES;
				CLANG_WARN_DEPRECATED_OBJC_IMPLEMENTATIONS = YES;
				CLANG_WARN_DIRECT_OBJC_ISA_USAGE = YES_ERROR;
				CLANG_WARN_DOCUMENTATION_COMMENTS = YES;
				CLANG_WARN_EMPTY_BODY = YES;
				CLANG_WARN_ENUM_CONVERSION = YES;
				CLANG_WARN_INFINITE_RECURSION = YES;
				CLANG_WARN_INT_CONVERSION = YES;
				CLANG_WARN_NON_LITERAL_NULL_CONVERSION = YES;
				CLANG_WARN_OBJC_IMPLICIT_RETAIN_SELF = YES;
				CLANG_WARN_OBJC_LITERAL_CONVERSION = YES;
				CLANG_WARN_OBJC_ROOT_CLASS = YES_ERROR;
				CLANG_WARN_QUOTED_INCLUDE_IN_FRAMEWORK_HEADER = YES;
				CLANG_WARN_RANGE_LOOP_ANALYSIS = YES;
				CLANG_WARN_STRICT_PROTOTYPES = YES;
				CLANG_WARN_SUSPICIOUS_MOVE = YES;
				CLANG_WARN_UNGUARDED_AVAILABILITY = YES_AGGRESSIVE;
				CLANG_WARN_UNREACHABLE_CODE = YES;
				CLANG_WARN__DUPLICATE_METHOD_MATCH = YES;
				COPY_PHASE_STRIP = NO;
				DEBUG_INFORMATION_FORMAT = dwarf;
				ENABLE_STRICT_OBJC_MSGSEND = YES;
				ENABLE_TESTABILITY = YES;
				GCC_C_LANGUAGE_STANDARD = gnu11;
				GCC_DYNAMIC_NO_PIC = NO;
				GCC_NO_COMMON_BLOCKS = YES;
				GCC_OPTIMIZATION_LEVEL = 0;
				GCC_PREPROCESSOR_DEFINITIONS = (
					"DEBUG=1",
					"$(inherited)",
				);
				GCC_WARN_64_TO_32_BIT_CONVERSION = YES;
				GCC_WARN_ABOUT_RETURN_TYPE = YES_ERROR;
				GCC_WARN_UNDECLARED_SELECTOR = YES;
				GCC_WARN_UNINITIALIZED_AUTOS = YES_AGGRESSIVE;
				GCC_WARN_UNUSED_FUNCTION = YES;
				GCC_WARN_UNUSED_VARIABLE = YES;
				IPHONEOS_DEPLOYMENT_TARGET = 14.5;
				MTL_ENABLE_DEBUG_INFO = INCLUDE_SOURCE;
				MTL_FAST_MATH = YES;
				ONLY_ACTIVE_ARCH = YES;
				SDKROOT = iphoneos;
				SWIFT_ACTIVE_COMPILATION_CONDITIONS = DEBUG;
				SWIFT_OPTIMIZATION_LEVEL = "-Onone";
			};
			name = Debug;
		};
		E95D0C91264C02D50044D26C /* Release */ = {
			isa = XCBuildConfiguration;
			buildSettings = {
				ALWAYS_SEARCH_USER_PATHS = NO;
				CLANG_ANALYZER_NONNULL = YES;
				CLANG_ANALYZER_NUMBER_OBJECT_CONVERSION = YES_AGGRESSIVE;
				CLANG_CXX_LANGUAGE_STANDARD = "gnu++14";
				CLANG_CXX_LIBRARY = "libc++";
				CLANG_ENABLE_MODULES = YES;
				CLANG_ENABLE_OBJC_ARC = YES;
				CLANG_ENABLE_OBJC_WEAK = YES;
				CLANG_WARN_BLOCK_CAPTURE_AUTORELEASING = YES;
				CLANG_WARN_BOOL_CONVERSION = YES;
				CLANG_WARN_COMMA = YES;
				CLANG_WARN_CONSTANT_CONVERSION = YES;
				CLANG_WARN_DEPRECATED_OBJC_IMPLEMENTATIONS = YES;
				CLANG_WARN_DIRECT_OBJC_ISA_USAGE = YES_ERROR;
				CLANG_WARN_DOCUMENTATION_COMMENTS = YES;
				CLANG_WARN_EMPTY_BODY = YES;
				CLANG_WARN_ENUM_CONVERSION = YES;
				CLANG_WARN_INFINITE_RECURSION = YES;
				CLANG_WARN_INT_CONVERSION = YES;
				CLANG_WARN_NON_LITERAL_NULL_CONVERSION = YES;
				CLANG_WARN_OBJC_IMPLICIT_RETAIN_SELF = YES;
				CLANG_WARN_OBJC_LITERAL_CONVERSION = YES;
				CLANG_WARN_OBJC_ROOT_CLASS = YES_ERROR;
				CLANG_WARN_QUOTED_INCLUDE_IN_FRAMEWORK_HEADER = YES;
				CLANG_WARN_RANGE_LOOP_ANALYSIS = YES;
				CLANG_WARN_STRICT_PROTOTYPES = YES;
				CLANG_WARN_SUSPICIOUS_MOVE = YES;
				CLANG_WARN_UNGUARDED_AVAILABILITY = YES_AGGRESSIVE;
				CLANG_WARN_UNREACHABLE_CODE = YES;
				CLANG_WARN__DUPLICATE_METHOD_MATCH = YES;
				COPY_PHASE_STRIP = NO;
				DEBUG_INFORMATION_FORMAT = "dwarf-with-dsym";
				ENABLE_NS_ASSERTIONS = NO;
				ENABLE_STRICT_OBJC_MSGSEND = YES;
				GCC_C_LANGUAGE_STANDARD = gnu11;
				GCC_NO_COMMON_BLOCKS = YES;
				GCC_WARN_64_TO_32_BIT_CONVERSION = YES;
				GCC_WARN_ABOUT_RETURN_TYPE = YES_ERROR;
				GCC_WARN_UNDECLARED_SELECTOR = YES;
				GCC_WARN_UNINITIALIZED_AUTOS = YES_AGGRESSIVE;
				GCC_WARN_UNUSED_FUNCTION = YES;
				GCC_WARN_UNUSED_VARIABLE = YES;
				IPHONEOS_DEPLOYMENT_TARGET = 14.5;
				MTL_ENABLE_DEBUG_INFO = NO;
				MTL_FAST_MATH = YES;
				SDKROOT = iphoneos;
				SWIFT_COMPILATION_MODE = wholemodule;
				SWIFT_OPTIMIZATION_LEVEL = "-O";
				VALIDATE_PRODUCT = YES;
			};
			name = Release;
		};
		E95D0C93264C02D50044D26C /* Debug */ = {
			isa = XCBuildConfiguration;
			buildSettings = {
				ASSETCATALOG_COMPILER_APPICON_NAME = AppIcon;
				ASSETCATALOG_COMPILER_GLOBAL_ACCENT_COLOR_NAME = AccentColor;
				CODE_SIGN_STYLE = Automatic;
				INFOPLIST_FILE = TechMonster/Info.plist;
				LD_RUNPATH_SEARCH_PATHS = (
					"$(inherited)",
					"@executable_path/Frameworks",
				);
				PRODUCT_BUNDLE_IDENTIFIER = app.yonpachi.takahashi.TechMonster;
				PRODUCT_NAME = "$(TARGET_NAME)";
				SWIFT_VERSION = 5.0;
				TARGETED_DEVICE_FAMILY = "1,2";
			};
			name = Debug;
		};
		E95D0C94264C02D50044D26C /* Release */ = {
			isa = XCBuildConfiguration;
			buildSettings = {
				ASSETCATALOG_COMPILER_APPICON_NAME = AppIcon;
				ASSETCATALOG_COMPILER_GLOBAL_ACCENT_COLOR_NAME = AccentColor;
				CODE_SIGN_STYLE = Automatic;
				INFOPLIST_FILE = TechMonster/Info.plist;
				LD_RUNPATH_SEARCH_PATHS = (
					"$(inherited)",
					"@executable_path/Frameworks",
				);
				PRODUCT_BUNDLE_IDENTIFIER = app.yonpachi.takahashi.TechMonster;
				PRODUCT_NAME = "$(TARGET_NAME)";
				SWIFT_VERSION = 5.0;
				TARGETED_DEVICE_FAMILY = "1,2";
			};
			name = Release;
		};
/* End XCBuildConfiguration section */

/* Begin XCConfigurationList section */
		E95D0C79264C02D10044D26C /* Build configuration list for PBXProject "TechMonster" */ = {
			isa = XCConfigurationList;
			buildConfigurations = (
				E95D0C90264C02D50044D26C /* Debug */,
				E95D0C91264C02D50044D26C /* Release */,
			);
			defaultConfigurationIsVisible = 0;
			defaultConfigurationName = Release;
		};
		E95D0C92264C02D50044D26C /* Build configuration list for PBXNativeTarget "TechMonster" */ = {
			isa = XCConfigurationList;
			buildConfigurations = (
				E95D0C93264C02D50044D26C /* Debug */,
				E95D0C94264C02D50044D26C /* Release */,
			);
			defaultConfigurationIsVisible = 0;
			defaultConfigurationName = Release;
		};
/* End XCConfigurationList section */
	};
	rootObject = E95D0C76264C02D10044D26C /* Project object */;
}
